// !$*UTF8*$!
{
	archiveVersion = 1;
	classes = {
	};
	objectVersion = 56;
	objects = {

/* Begin PBXBuildFile section */
		7035F6672AF7587E00F42910 /* TimelineView.swift in Sources */ = {isa = PBXBuildFile; fileRef = 7035F6662AF7587E00F42910 /* TimelineView.swift */; };
		7035F6692AF75A3700F42910 /* GentyDemo-Regular.otf in Resources */ = {isa = PBXBuildFile; fileRef = 7035F6682AF75A3700F42910 /* GentyDemo-Regular.otf */; };
		703AEDF42B0F893500E9ED76 /* URL+TMDb.swift in Sources */ = {isa = PBXBuildFile; fileRef = 703AEDF32B0F893500E9ED76 /* URL+TMDb.swift */; };
		7051983C2AEFF7D400452564 /* PreviewData.swift in Sources */ = {isa = PBXBuildFile; fileRef = 7051983B2AEFF7D400452564 /* PreviewData.swift */; };
		70525BAE2AF7635F006E7CD6 /* NotificationsView.swift in Sources */ = {isa = PBXBuildFile; fileRef = 70525BAD2AF7635F006E7CD6 /* NotificationsView.swift */; };
		70525BB12AF77DD6006E7CD6 /* Notification.swift in Sources */ = {isa = PBXBuildFile; fileRef = 70525BB02AF77DD6006E7CD6 /* Notification.swift */; };
		70525BB52AF7ED0E006E7CD6 /* TMDb in Frameworks */ = {isa = PBXBuildFile; productRef = 70525BB42AF7ED0E006E7CD6 /* TMDb */; };
		70525BB82AF7ED26006E7CD6 /* SDWebImageSwiftUI in Frameworks */ = {isa = PBXBuildFile; productRef = 70525BB72AF7ED26006E7CD6 /* SDWebImageSwiftUI */; };
		7062A2B62AF0F98600B99324 /* SearchView.swift in Sources */ = {isa = PBXBuildFile; fileRef = 7062A2B52AF0F98600B99324 /* SearchView.swift */; };
		7062A2BB2AF107BD00B99324 /* SearchViewModel.swift in Sources */ = {isa = PBXBuildFile; fileRef = 7062A2BA2AF107BD00B99324 /* SearchViewModel.swift */; };
		7062A2C52AF2512F00B99324 /* MovieCoverView.swift in Sources */ = {isa = PBXBuildFile; fileRef = 7062A2C42AF2512F00B99324 /* MovieCoverView.swift */; };
		7062A2C72AF2524A00B99324 /* MovieCoverViewModel.swift in Sources */ = {isa = PBXBuildFile; fileRef = 7062A2C62AF2524A00B99324 /* MovieCoverViewModel.swift */; };
		7062A2CA2AF290B000B99324 /* PostView.swift in Sources */ = {isa = PBXBuildFile; fileRef = 7062A2C92AF290B000B99324 /* PostView.swift */; };
		707960302AEBA0A700AB748D /* CinephileApp.swift in Sources */ = {isa = PBXBuildFile; fileRef = 7079602F2AEBA0A700AB748D /* CinephileApp.swift */; };
		707960322AEBA0A700AB748D /* ContentView.swift in Sources */ = {isa = PBXBuildFile; fileRef = 707960312AEBA0A700AB748D /* ContentView.swift */; };
		707960342AEBA0A900AB748D /* Assets.xcassets in Resources */ = {isa = PBXBuildFile; fileRef = 707960332AEBA0A900AB748D /* Assets.xcassets */; };
		707960372AEBA0A900AB748D /* Preview Assets.xcassets in Resources */ = {isa = PBXBuildFile; fileRef = 707960362AEBA0A900AB748D /* Preview Assets.xcassets */; };
		707960422AEBA5E200AB748D /* ViewModel.swift in Sources */ = {isa = PBXBuildFile; fileRef = 707960412AEBA5E200AB748D /* ViewModel.swift */; };
		707ABEF62AF3A7D6001B88FE /* MovieDetailViewModel.swift in Sources */ = {isa = PBXBuildFile; fileRef = 707ABEF52AF3A7D5001B88FE /* MovieDetailViewModel.swift */; };
		707ABEFA2AF3B013001B88FE /* CarousalView.swift in Sources */ = {isa = PBXBuildFile; fileRef = 707ABEF92AF3B013001B88FE /* CarousalView.swift */; };
		707ABEFC2AF3B616001B88FE /* CategorialMovieView.swift in Sources */ = {isa = PBXBuildFile; fileRef = 707ABEFB2AF3B616001B88FE /* CategorialMovieView.swift */; };
		707ABEFE2AF64223001B88FE /* StarsView.swift in Sources */ = {isa = PBXBuildFile; fileRef = 707ABEFD2AF64223001B88FE /* StarsView.swift */; };
		707ABF002AF644CC001B88FE /* CustomStyle.swift in Sources */ = {isa = PBXBuildFile; fileRef = 707ABEFF2AF644CC001B88FE /* CustomStyle.swift */; };
		707ABF022AF68665001B88FE /* ProfileView.swift in Sources */ = {isa = PBXBuildFile; fileRef = 707ABF012AF68665001B88FE /* ProfileView.swift */; };
		7084D70A2AEE8D64008EF753 /* MovieDetailView.swift in Sources */ = {isa = PBXBuildFile; fileRef = 7084D7092AEE8D64008EF753 /* MovieDetailView.swift */; };
		7084D70E2AEE9876008EF753 /* Helper.swift in Sources */ = {isa = PBXBuildFile; fileRef = 7084D70D2AEE9876008EF753 /* Helper.swift */; };
		7084D7A12AEFA719008EF753 /* DiscoverMoviesView.swift in Sources */ = {isa = PBXBuildFile; fileRef = 7084D7A02AEFA719008EF753 /* DiscoverMoviesView.swift */; };
		7094DFBA2B0BA318008DF25E /* API_Key.swift in Sources */ = {isa = PBXBuildFile; fileRef = 7094DFB92B0BA318008DF25E /* API_Key.swift */; };
		70DFE2752AEBEBFE009AE124 /* MovieRow.swift in Sources */ = {isa = PBXBuildFile; fileRef = 70DFE2742AEBEBFE009AE124 /* MovieRow.swift */; };
		70F4AD162B1045D300A83C8F /* DataLoader.swift in Sources */ = {isa = PBXBuildFile; fileRef = 70F4AD152B1045D300A83C8F /* DataLoader.swift */; };
/* End PBXBuildFile section */

/* Begin PBXFileReference section */
		7035F6662AF7587E00F42910 /* TimelineView.swift */ = {isa = PBXFileReference; lastKnownFileType = sourcecode.swift; path = TimelineView.swift; sourceTree = "<group>"; };
		7035F6682AF75A3700F42910 /* GentyDemo-Regular.otf */ = {isa = PBXFileReference; lastKnownFileType = file; path = "GentyDemo-Regular.otf"; sourceTree = "<group>"; };
		7035F66A2AF75A6F00F42910 /* Cinephile-Info.plist */ = {isa = PBXFileReference; lastKnownFileType = text.plist.xml; path = "Cinephile-Info.plist"; sourceTree = SOURCE_ROOT; };
		703AEDF32B0F893500E9ED76 /* URL+TMDb.swift */ = {isa = PBXFileReference; lastKnownFileType = sourcecode.swift; path = "URL+TMDb.swift"; sourceTree = "<group>"; };
		7051983B2AEFF7D400452564 /* PreviewData.swift */ = {isa = PBXFileReference; lastKnownFileType = sourcecode.swift; path = PreviewData.swift; sourceTree = "<group>"; };
		70525BAD2AF7635F006E7CD6 /* NotificationsView.swift */ = {isa = PBXFileReference; lastKnownFileType = sourcecode.swift; path = NotificationsView.swift; sourceTree = "<group>"; };
		70525BB02AF77DD6006E7CD6 /* Notification.swift */ = {isa = PBXFileReference; lastKnownFileType = sourcecode.swift; path = Notification.swift; sourceTree = "<group>"; };
		7062A2B52AF0F98600B99324 /* SearchView.swift */ = {isa = PBXFileReference; lastKnownFileType = sourcecode.swift; path = SearchView.swift; sourceTree = "<group>"; };
		7062A2BA2AF107BD00B99324 /* SearchViewModel.swift */ = {isa = PBXFileReference; lastKnownFileType = sourcecode.swift; path = SearchViewModel.swift; sourceTree = "<group>"; };
		7062A2C42AF2512F00B99324 /* MovieCoverView.swift */ = {isa = PBXFileReference; lastKnownFileType = sourcecode.swift; path = MovieCoverView.swift; sourceTree = "<group>"; };
		7062A2C62AF2524A00B99324 /* MovieCoverViewModel.swift */ = {isa = PBXFileReference; lastKnownFileType = sourcecode.swift; path = MovieCoverViewModel.swift; sourceTree = "<group>"; };
		7062A2C92AF290B000B99324 /* PostView.swift */ = {isa = PBXFileReference; lastKnownFileType = sourcecode.swift; path = PostView.swift; sourceTree = "<group>"; };
		7079602C2AEBA0A700AB748D /* Cinephile.app */ = {isa = PBXFileReference; explicitFileType = wrapper.application; includeInIndex = 0; path = Cinephile.app; sourceTree = BUILT_PRODUCTS_DIR; };
		7079602F2AEBA0A700AB748D /* CinephileApp.swift */ = {isa = PBXFileReference; lastKnownFileType = sourcecode.swift; path = CinephileApp.swift; sourceTree = "<group>"; };
		707960312AEBA0A700AB748D /* ContentView.swift */ = {isa = PBXFileReference; lastKnownFileType = sourcecode.swift; path = ContentView.swift; sourceTree = "<group>"; };
		707960332AEBA0A900AB748D /* Assets.xcassets */ = {isa = PBXFileReference; lastKnownFileType = folder.assetcatalog; path = Assets.xcassets; sourceTree = "<group>"; };
		707960362AEBA0A900AB748D /* Preview Assets.xcassets */ = {isa = PBXFileReference; lastKnownFileType = folder.assetcatalog; path = "Preview Assets.xcassets"; sourceTree = "<group>"; };
		707960412AEBA5E200AB748D /* ViewModel.swift */ = {isa = PBXFileReference; lastKnownFileType = sourcecode.swift; path = ViewModel.swift; sourceTree = "<group>"; };
		707ABEF52AF3A7D5001B88FE /* MovieDetailViewModel.swift */ = {isa = PBXFileReference; lastKnownFileType = sourcecode.swift; path = MovieDetailViewModel.swift; sourceTree = "<group>"; };
		707ABEF92AF3B013001B88FE /* CarousalView.swift */ = {isa = PBXFileReference; lastKnownFileType = sourcecode.swift; path = CarousalView.swift; sourceTree = "<group>"; };
		707ABEFB2AF3B616001B88FE /* CategorialMovieView.swift */ = {isa = PBXFileReference; lastKnownFileType = sourcecode.swift; path = CategorialMovieView.swift; sourceTree = "<group>"; };
		707ABEFD2AF64223001B88FE /* StarsView.swift */ = {isa = PBXFileReference; lastKnownFileType = sourcecode.swift; path = StarsView.swift; sourceTree = "<group>"; };
		707ABEFF2AF644CC001B88FE /* CustomStyle.swift */ = {isa = PBXFileReference; lastKnownFileType = sourcecode.swift; path = CustomStyle.swift; sourceTree = "<group>"; };
		707ABF012AF68665001B88FE /* ProfileView.swift */ = {isa = PBXFileReference; lastKnownFileType = sourcecode.swift; path = ProfileView.swift; sourceTree = "<group>"; };
		7084D7092AEE8D64008EF753 /* MovieDetailView.swift */ = {isa = PBXFileReference; lastKnownFileType = sourcecode.swift; path = MovieDetailView.swift; sourceTree = "<group>"; };
		7084D70D2AEE9876008EF753 /* Helper.swift */ = {isa = PBXFileReference; lastKnownFileType = sourcecode.swift; path = Helper.swift; sourceTree = "<group>"; };
		7084D7A02AEFA719008EF753 /* DiscoverMoviesView.swift */ = {isa = PBXFileReference; lastKnownFileType = sourcecode.swift; path = DiscoverMoviesView.swift; sourceTree = "<group>"; };
		7094DFB92B0BA318008DF25E /* API_Key.swift */ = {isa = PBXFileReference; lastKnownFileType = sourcecode.swift; path = API_Key.swift; sourceTree = "<group>"; };
		70DFE2742AEBEBFE009AE124 /* MovieRow.swift */ = {isa = PBXFileReference; lastKnownFileType = sourcecode.swift; path = MovieRow.swift; sourceTree = "<group>"; };
		70F4AD152B1045D300A83C8F /* DataLoader.swift */ = {isa = PBXFileReference; lastKnownFileType = sourcecode.swift; path = DataLoader.swift; sourceTree = "<group>"; };
/* End PBXFileReference section */

/* Begin PBXFrameworksBuildPhase section */
		707960292AEBA0A700AB748D /* Frameworks */ = {
			isa = PBXFrameworksBuildPhase;
			buildActionMask = 2147483647;
			files = (
				70525BB82AF7ED26006E7CD6 /* SDWebImageSwiftUI in Frameworks */,
				70525BB52AF7ED0E006E7CD6 /* TMDb in Frameworks */,
			);
			runOnlyForDeploymentPostprocessing = 0;
		};
/* End PBXFrameworksBuildPhase section */

/* Begin PBXGroup section */
		7035F66B2AF75A9800F42910 /* Fonts */ = {
			isa = PBXGroup;
			children = (
				7035F6682AF75A3700F42910 /* GentyDemo-Regular.otf */,
			);
			path = Fonts;
			sourceTree = "<group>";
		};
		703AEDE02B0CFC5900E9ED76 /* Media Tracker */ = {
			isa = PBXGroup;
			children = (
				70F4AD142B1045BE00A83C8F /* Networking */,
				703AEDE42B0CFD2F00E9ED76 /* Search */,
				703AEDE32B0CFC9400E9ED76 /* Detail */,
				703AEDE22B0CFC7F00E9ED76 /* Home */,
			);
			path = "Media Tracker";
			sourceTree = "<group>";
		};
		703AEDE12B0CFC6B00E9ED76 /* Social Network */ = {
			isa = PBXGroup;
			children = (
				703AEDE52B0CFD6500E9ED76 /* Timeline */,
			);
			path = "Social Network";
			sourceTree = "<group>";
		};
		703AEDE22B0CFC7F00E9ED76 /* Home */ = {
			isa = PBXGroup;
			children = (
				703AEDEB2B0CFE2D00E9ED76 /* ViewModel */,
				703AEDEA2B0CFE2300E9ED76 /* View */,
			);
			path = Home;
			sourceTree = "<group>";
		};
		703AEDE32B0CFC9400E9ED76 /* Detail */ = {
			isa = PBXGroup;
			children = (
				703AEDED2B0CFE5200E9ED76 /* ViewModel */,
				703AEDEC2B0CFE4C00E9ED76 /* View */,
				7084D7092AEE8D64008EF753 /* MovieDetailView.swift */,
				707ABEFD2AF64223001B88FE /* StarsView.swift */,
			);
			path = Detail;
			sourceTree = "<group>";
		};
		703AEDE42B0CFD2F00E9ED76 /* Search */ = {
			isa = PBXGroup;
			children = (
				703AEDEF2B0CFE6600E9ED76 /* ViewModel */,
				703AEDEE2B0CFE6000E9ED76 /* View */,
				7062A2B52AF0F98600B99324 /* SearchView.swift */,
			);
			path = Search;
			sourceTree = "<group>";
		};
		703AEDE52B0CFD6500E9ED76 /* Timeline */ = {
			isa = PBXGroup;
			children = (
				7035F6662AF7587E00F42910 /* TimelineView.swift */,
				7062A2C92AF290B000B99324 /* PostView.swift */,
			);
			path = Timeline;
			sourceTree = "<group>";
		};
		703AEDE62B0CFD8700E9ED76 /* Settings */ = {
			isa = PBXGroup;
			children = (
				707ABF012AF68665001B88FE /* ProfileView.swift */,
			);
			path = Settings;
			sourceTree = "<group>";
		};
		703AEDE72B0CFDB400E9ED76 /* Notifications */ = {
			isa = PBXGroup;
			children = (
				703AEDE92B0CFDD400E9ED76 /* Model */,
				703AEDE82B0CFDCE00E9ED76 /* View */,
				70525BAD2AF7635F006E7CD6 /* NotificationsView.swift */,
			);
			path = Notifications;
			sourceTree = "<group>";
		};
		703AEDE82B0CFDCE00E9ED76 /* View */ = {
			isa = PBXGroup;
			children = (
			);
			path = View;
			sourceTree = "<group>";
		};
		703AEDE92B0CFDD400E9ED76 /* Model */ = {
			isa = PBXGroup;
			children = (
				70525BB02AF77DD6006E7CD6 /* Notification.swift */,
			);
			path = Model;
			sourceTree = "<group>";
		};
		703AEDEA2B0CFE2300E9ED76 /* View */ = {
			isa = PBXGroup;
			children = (
				70DFE2742AEBEBFE009AE124 /* MovieRow.swift */,
				7084D7A02AEFA719008EF753 /* DiscoverMoviesView.swift */,
				7062A2C42AF2512F00B99324 /* MovieCoverView.swift */,
				707ABEF92AF3B013001B88FE /* CarousalView.swift */,
				707ABEFB2AF3B616001B88FE /* CategorialMovieView.swift */,
			);
			path = View;
			sourceTree = "<group>";
		};
		703AEDEB2B0CFE2D00E9ED76 /* ViewModel */ = {
			isa = PBXGroup;
			children = (
				707960412AEBA5E200AB748D /* ViewModel.swift */,
				7062A2C62AF2524A00B99324 /* MovieCoverViewModel.swift */,
			);
			path = ViewModel;
			sourceTree = "<group>";
		};
		703AEDEC2B0CFE4C00E9ED76 /* View */ = {
			isa = PBXGroup;
			children = (
			);
			path = View;
			sourceTree = "<group>";
		};
		703AEDED2B0CFE5200E9ED76 /* ViewModel */ = {
			isa = PBXGroup;
			children = (
				707ABEF52AF3A7D5001B88FE /* MovieDetailViewModel.swift */,
			);
			path = ViewModel;
			sourceTree = "<group>";
		};
		703AEDEE2B0CFE6000E9ED76 /* View */ = {
			isa = PBXGroup;
			children = (
			);
			path = View;
			sourceTree = "<group>";
		};
		703AEDEF2B0CFE6600E9ED76 /* ViewModel */ = {
			isa = PBXGroup;
			children = (
				7062A2BA2AF107BD00B99324 /* SearchViewModel.swift */,
			);
			path = ViewModel;
			sourceTree = "<group>";
		};
		70525BB22AF7E9FC006E7CD6 /* Extensions */ = {
			isa = PBXGroup;
			children = (
				7084D70D2AEE9876008EF753 /* Helper.swift */,
				7094DFB92B0BA318008DF25E /* API_Key.swift */,
				703AEDF32B0F893500E9ED76 /* URL+TMDb.swift */,
			);
			path = Extensions;
			sourceTree = "<group>";
		};
		7062A2C82AF2909200B99324 /* Helpers */ = {
			isa = PBXGroup;
			children = (
				707ABEFF2AF644CC001B88FE /* CustomStyle.swift */,
			);
			path = Helpers;
			sourceTree = "<group>";
		};
		707960232AEBA0A700AB748D = {
			isa = PBXGroup;
			children = (
				7079602E2AEBA0A700AB748D /* Cinephile */,
				7079602D2AEBA0A700AB748D /* Products */,
			);
			sourceTree = "<group>";
		};
		7079602D2AEBA0A700AB748D /* Products */ = {
			isa = PBXGroup;
			children = (
				7079602C2AEBA0A700AB748D /* Cinephile.app */,
			);
			name = Products;
			sourceTree = "<group>";
		};
		7079602E2AEBA0A700AB748D /* Cinephile */ = {
			isa = PBXGroup;
			children = (
				703AEDE72B0CFDB400E9ED76 /* Notifications */,
				703AEDE62B0CFD8700E9ED76 /* Settings */,
				703AEDE12B0CFC6B00E9ED76 /* Social Network */,
				703AEDE02B0CFC5900E9ED76 /* Media Tracker */,
				70525BB22AF7E9FC006E7CD6 /* Extensions */,
				7035F66B2AF75A9800F42910 /* Fonts */,
				7035F66A2AF75A6F00F42910 /* Cinephile-Info.plist */,
				7062A2C82AF2909200B99324 /* Helpers */,
				7079602F2AEBA0A700AB748D /* CinephileApp.swift */,
				707960312AEBA0A700AB748D /* ContentView.swift */,
				707960332AEBA0A900AB748D /* Assets.xcassets */,
				707960352AEBA0A900AB748D /* Preview Content */,
			);
			path = Cinephile;
			sourceTree = "<group>";
		};
		707960352AEBA0A900AB748D /* Preview Content */ = {
			isa = PBXGroup;
			children = (
				707960362AEBA0A900AB748D /* Preview Assets.xcassets */,
				7051983B2AEFF7D400452564 /* PreviewData.swift */,
			);
			path = "Preview Content";
			sourceTree = "<group>";
		};
		70F4AD142B1045BE00A83C8F /* Networking */ = {
			isa = PBXGroup;
			children = (
				70F4AD152B1045D300A83C8F /* DataLoader.swift */,
			);
			path = Networking;
			sourceTree = "<group>";
		};
/* End PBXGroup section */

/* Begin PBXNativeTarget section */
		7079602B2AEBA0A700AB748D /* Cinephile */ = {
			isa = PBXNativeTarget;
			buildConfigurationList = 7079603A2AEBA0A900AB748D /* Build configuration list for PBXNativeTarget "Cinephile" */;
			buildPhases = (
				707960282AEBA0A700AB748D /* Sources */,
				707960292AEBA0A700AB748D /* Frameworks */,
				7079602A2AEBA0A700AB748D /* Resources */,
			);
			buildRules = (
			);
			dependencies = (
			);
			name = Cinephile;
			packageProductDependencies = (
				70525BB42AF7ED0E006E7CD6 /* TMDb */,
				70525BB72AF7ED26006E7CD6 /* SDWebImageSwiftUI */,
			);
			productName = "TMDB Test";
			productReference = 7079602C2AEBA0A700AB748D /* Cinephile.app */;
			productType = "com.apple.product-type.application";
		};
/* End PBXNativeTarget section */

/* Begin PBXProject section */
		707960242AEBA0A700AB748D /* Project object */ = {
			isa = PBXProject;
			attributes = {
				BuildIndependentTargetsInParallel = 1;
				LastSwiftUpdateCheck = 1500;
				LastUpgradeCheck = 1500;
				TargetAttributes = {
					7079602B2AEBA0A700AB748D = {
						CreatedOnToolsVersion = 15.0.1;
					};
				};
			};
			buildConfigurationList = 707960272AEBA0A700AB748D /* Build configuration list for PBXProject "Cinephile" */;
			compatibilityVersion = "Xcode 14.0";
			developmentRegion = en;
			hasScannedForEncodings = 0;
			knownRegions = (
				en,
				Base,
			);
			mainGroup = 707960232AEBA0A700AB748D;
			packageReferences = (
				70525BB32AF7ED0E006E7CD6 /* XCRemoteSwiftPackageReference "TMDb" */,
				70525BB62AF7ED26006E7CD6 /* XCRemoteSwiftPackageReference "SDWebImageSwiftUI" */,
			);
			productRefGroup = 7079602D2AEBA0A700AB748D /* Products */;
			projectDirPath = "";
			projectRoot = "";
			targets = (
				7079602B2AEBA0A700AB748D /* Cinephile */,
			);
		};
/* End PBXProject section */

/* Begin PBXResourcesBuildPhase section */
		7079602A2AEBA0A700AB748D /* Resources */ = {
			isa = PBXResourcesBuildPhase;
			buildActionMask = 2147483647;
			files = (
				707960372AEBA0A900AB748D /* Preview Assets.xcassets in Resources */,
				707960342AEBA0A900AB748D /* Assets.xcassets in Resources */,
				7035F6692AF75A3700F42910 /* GentyDemo-Regular.otf in Resources */,
			);
			runOnlyForDeploymentPostprocessing = 0;
		};
/* End PBXResourcesBuildPhase section */

/* Begin PBXSourcesBuildPhase section */
		707960282AEBA0A700AB748D /* Sources */ = {
			isa = PBXSourcesBuildPhase;
			buildActionMask = 2147483647;
			files = (
				7062A2CA2AF290B000B99324 /* PostView.swift in Sources */,
				7062A2BB2AF107BD00B99324 /* SearchViewModel.swift in Sources */,
				7051983C2AEFF7D400452564 /* PreviewData.swift in Sources */,
				7062A2B62AF0F98600B99324 /* SearchView.swift in Sources */,
				70525BAE2AF7635F006E7CD6 /* NotificationsView.swift in Sources */,
				7035F6672AF7587E00F42910 /* TimelineView.swift in Sources */,
				707960422AEBA5E200AB748D /* ViewModel.swift in Sources */,
				707ABEFA2AF3B013001B88FE /* CarousalView.swift in Sources */,
				707ABF002AF644CC001B88FE /* CustomStyle.swift in Sources */,
				7094DFBA2B0BA318008DF25E /* API_Key.swift in Sources */,
				7062A2C52AF2512F00B99324 /* MovieCoverView.swift in Sources */,
				707ABEFE2AF64223001B88FE /* StarsView.swift in Sources */,
				7062A2C72AF2524A00B99324 /* MovieCoverViewModel.swift in Sources */,
				7084D7A12AEFA719008EF753 /* DiscoverMoviesView.swift in Sources */,
				703AEDF42B0F893500E9ED76 /* URL+TMDb.swift in Sources */,
				70DFE2752AEBEBFE009AE124 /* MovieRow.swift in Sources */,
				707ABEFC2AF3B616001B88FE /* CategorialMovieView.swift in Sources */,
				7084D70A2AEE8D64008EF753 /* MovieDetailView.swift in Sources */,
				707ABEF62AF3A7D6001B88FE /* MovieDetailViewModel.swift in Sources */,
				707960322AEBA0A700AB748D /* ContentView.swift in Sources */,
				70F4AD162B1045D300A83C8F /* DataLoader.swift in Sources */,
				70525BB12AF77DD6006E7CD6 /* Notification.swift in Sources */,
				707960302AEBA0A700AB748D /* CinephileApp.swift in Sources */,
				707ABF022AF68665001B88FE /* ProfileView.swift in Sources */,
				7084D70E2AEE9876008EF753 /* Helper.swift in Sources */,
			);
			runOnlyForDeploymentPostprocessing = 0;
		};
/* End PBXSourcesBuildPhase section */

/* Begin XCBuildConfiguration section */
		707960382AEBA0A900AB748D /* Debug */ = {
			isa = XCBuildConfiguration;
			buildSettings = {
				ALWAYS_SEARCH_USER_PATHS = NO;
				ASSETCATALOG_COMPILER_GENERATE_SWIFT_ASSET_SYMBOL_EXTENSIONS = YES;
				CLANG_ANALYZER_NONNULL = YES;
				CLANG_ANALYZER_NUMBER_OBJECT_CONVERSION = YES_AGGRESSIVE;
				CLANG_CXX_LANGUAGE_STANDARD = "gnu++20";
				CLANG_ENABLE_MODULES = YES;
				CLANG_ENABLE_OBJC_ARC = YES;
				CLANG_ENABLE_OBJC_WEAK = YES;
				CLANG_WARN_BLOCK_CAPTURE_AUTORELEASING = YES;
				CLANG_WARN_BOOL_CONVERSION = YES;
				CLANG_WARN_COMMA = YES;
				CLANG_WARN_CONSTANT_CONVERSION = YES;
				CLANG_WARN_DEPRECATED_OBJC_IMPLEMENTATIONS = YES;
				CLANG_WARN_DIRECT_OBJC_ISA_USAGE = YES_ERROR;
				CLANG_WARN_DOCUMENTATION_COMMENTS = YES;
				CLANG_WARN_EMPTY_BODY = YES;
				CLANG_WARN_ENUM_CONVERSION = YES;
				CLANG_WARN_INFINITE_RECURSION = YES;
				CLANG_WARN_INT_CONVERSION = YES;
				CLANG_WARN_NON_LITERAL_NULL_CONVERSION = YES;
				CLANG_WARN_OBJC_IMPLICIT_RETAIN_SELF = YES;
				CLANG_WARN_OBJC_LITERAL_CONVERSION = YES;
				CLANG_WARN_OBJC_ROOT_CLASS = YES_ERROR;
				CLANG_WARN_QUOTED_INCLUDE_IN_FRAMEWORK_HEADER = YES;
				CLANG_WARN_RANGE_LOOP_ANALYSIS = YES;
				CLANG_WARN_STRICT_PROTOTYPES = YES;
				CLANG_WARN_SUSPICIOUS_MOVE = YES;
				CLANG_WARN_UNGUARDED_AVAILABILITY = YES_AGGRESSIVE;
				CLANG_WARN_UNREACHABLE_CODE = YES;
				CLANG_WARN__DUPLICATE_METHOD_MATCH = YES;
				COPY_PHASE_STRIP = NO;
				DEBUG_INFORMATION_FORMAT = dwarf;
				ENABLE_STRICT_OBJC_MSGSEND = YES;
				ENABLE_TESTABILITY = YES;
				ENABLE_USER_SCRIPT_SANDBOXING = YES;
				GCC_C_LANGUAGE_STANDARD = gnu17;
				GCC_DYNAMIC_NO_PIC = NO;
				GCC_NO_COMMON_BLOCKS = YES;
				GCC_OPTIMIZATION_LEVEL = 0;
				GCC_PREPROCESSOR_DEFINITIONS = (
					"DEBUG=1",
					"$(inherited)",
				);
				GCC_WARN_64_TO_32_BIT_CONVERSION = YES;
				GCC_WARN_ABOUT_RETURN_TYPE = YES_ERROR;
				GCC_WARN_UNDECLARED_SELECTOR = YES;
				GCC_WARN_UNINITIALIZED_AUTOS = YES_AGGRESSIVE;
				GCC_WARN_UNUSED_FUNCTION = YES;
				GCC_WARN_UNUSED_VARIABLE = YES;
				INFOPLIST_FILE = Cinephile/info.plist;
				IPHONEOS_DEPLOYMENT_TARGET = 16.0;
				LOCALIZATION_PREFERS_STRING_CATALOGS = YES;
				MTL_ENABLE_DEBUG_INFO = INCLUDE_SOURCE;
				MTL_FAST_MATH = YES;
				ONLY_ACTIVE_ARCH = YES;
				SDKROOT = iphoneos;
				SWIFT_ACTIVE_COMPILATION_CONDITIONS = "DEBUG $(inherited)";
				SWIFT_OPTIMIZATION_LEVEL = "-Onone";
				SWIFT_VERSION = 5.0;
			};
			name = Debug;
		};
		707960392AEBA0A900AB748D /* Release */ = {
			isa = XCBuildConfiguration;
			buildSettings = {
				ALWAYS_SEARCH_USER_PATHS = NO;
				ASSETCATALOG_COMPILER_GENERATE_SWIFT_ASSET_SYMBOL_EXTENSIONS = YES;
				CLANG_ANALYZER_NONNULL = YES;
				CLANG_ANALYZER_NUMBER_OBJECT_CONVERSION = YES_AGGRESSIVE;
				CLANG_CXX_LANGUAGE_STANDARD = "gnu++20";
				CLANG_ENABLE_MODULES = YES;
				CLANG_ENABLE_OBJC_ARC = YES;
				CLANG_ENABLE_OBJC_WEAK = YES;
				CLANG_WARN_BLOCK_CAPTURE_AUTORELEASING = YES;
				CLANG_WARN_BOOL_CONVERSION = YES;
				CLANG_WARN_COMMA = YES;
				CLANG_WARN_CONSTANT_CONVERSION = YES;
				CLANG_WARN_DEPRECATED_OBJC_IMPLEMENTATIONS = YES;
				CLANG_WARN_DIRECT_OBJC_ISA_USAGE = YES_ERROR;
				CLANG_WARN_DOCUMENTATION_COMMENTS = YES;
				CLANG_WARN_EMPTY_BODY = YES;
				CLANG_WARN_ENUM_CONVERSION = YES;
				CLANG_WARN_INFINITE_RECURSION = YES;
				CLANG_WARN_INT_CONVERSION = YES;
				CLANG_WARN_NON_LITERAL_NULL_CONVERSION = YES;
				CLANG_WARN_OBJC_IMPLICIT_RETAIN_SELF = YES;
				CLANG_WARN_OBJC_LITERAL_CONVERSION = YES;
				CLANG_WARN_OBJC_ROOT_CLASS = YES_ERROR;
				CLANG_WARN_QUOTED_INCLUDE_IN_FRAMEWORK_HEADER = YES;
				CLANG_WARN_RANGE_LOOP_ANALYSIS = YES;
				CLANG_WARN_STRICT_PROTOTYPES = YES;
				CLANG_WARN_SUSPICIOUS_MOVE = YES;
				CLANG_WARN_UNGUARDED_AVAILABILITY = YES_AGGRESSIVE;
				CLANG_WARN_UNREACHABLE_CODE = YES;
				CLANG_WARN__DUPLICATE_METHOD_MATCH = YES;
				COPY_PHASE_STRIP = NO;
				DEBUG_INFORMATION_FORMAT = "dwarf-with-dsym";
				ENABLE_NS_ASSERTIONS = NO;
				ENABLE_STRICT_OBJC_MSGSEND = YES;
				ENABLE_USER_SCRIPT_SANDBOXING = YES;
				GCC_C_LANGUAGE_STANDARD = gnu17;
				GCC_NO_COMMON_BLOCKS = YES;
				GCC_WARN_64_TO_32_BIT_CONVERSION = YES;
				GCC_WARN_ABOUT_RETURN_TYPE = YES_ERROR;
				GCC_WARN_UNDECLARED_SELECTOR = YES;
				GCC_WARN_UNINITIALIZED_AUTOS = YES_AGGRESSIVE;
				GCC_WARN_UNUSED_FUNCTION = YES;
				GCC_WARN_UNUSED_VARIABLE = YES;
				INFOPLIST_FILE = Cinephile/info.plist;
				IPHONEOS_DEPLOYMENT_TARGET = 16.0;
				LOCALIZATION_PREFERS_STRING_CATALOGS = YES;
				MTL_ENABLE_DEBUG_INFO = NO;
				MTL_FAST_MATH = YES;
				SDKROOT = iphoneos;
				SWIFT_COMPILATION_MODE = wholemodule;
				SWIFT_VERSION = 5.0;
				VALIDATE_PRODUCT = YES;
			};
			name = Release;
		};
		7079603B2AEBA0A900AB748D /* Debug */ = {
			isa = XCBuildConfiguration;
			buildSettings = {
				ASSETCATALOG_COMPILER_APPICON_NAME = AppIcon;
				ASSETCATALOG_COMPILER_GLOBAL_ACCENT_COLOR_NAME = AccentColor;
				CODE_SIGN_STYLE = Automatic;
				CURRENT_PROJECT_VERSION = 1;
				DEVELOPMENT_ASSET_PATHS = "\"Cinephile/Preview Content\"";
				DEVELOPMENT_TEAM = 8HX35UD83V;
				ENABLE_PREVIEWS = YES;
				GENERATE_INFOPLIST_FILE = YES;
				INFOPLIST_FILE = "Cinephile-Info.plist";
				INFOPLIST_KEY_LSApplicationCategoryType = "";
				INFOPLIST_KEY_UIApplicationSceneManifest_Generation = YES;
				INFOPLIST_KEY_UIApplicationSupportsIndirectInputEvents = YES;
				INFOPLIST_KEY_UILaunchScreen_Generation = YES;
				INFOPLIST_KEY_UISupportedInterfaceOrientations_iPad = "UIInterfaceOrientationPortrait UIInterfaceOrientationPortraitUpsideDown UIInterfaceOrientationLandscapeLeft UIInterfaceOrientationLandscapeRight";
				INFOPLIST_KEY_UISupportedInterfaceOrientations_iPhone = "UIInterfaceOrientationPortrait UIInterfaceOrientationLandscapeLeft UIInterfaceOrientationLandscapeRight";
				IPHONEOS_DEPLOYMENT_TARGET = 16.0;
				LD_RUNPATH_SEARCH_PATHS = (
					"$(inherited)",
					"@executable_path/Frameworks",
				);
				MARKETING_VERSION = 1.0;
				PRODUCT_BUNDLE_IDENTIFIER = com.kkst.Cinephile;
				PRODUCT_NAME = "$(TARGET_NAME)";
				SWIFT_EMIT_LOC_STRINGS = YES;
				SWIFT_VERSION = 5.0;
				TARGETED_DEVICE_FAMILY = "1,2";
			};
			name = Debug;
		};
		7079603C2AEBA0A900AB748D /* Release */ = {
			isa = XCBuildConfiguration;
			buildSettings = {
				ASSETCATALOG_COMPILER_APPICON_NAME = AppIcon;
				ASSETCATALOG_COMPILER_GLOBAL_ACCENT_COLOR_NAME = AccentColor;
				CODE_SIGN_STYLE = Automatic;
				CURRENT_PROJECT_VERSION = 1;
				DEVELOPMENT_ASSET_PATHS = "\"Cinephile/Preview Content\"";
				DEVELOPMENT_TEAM = 8HX35UD83V;
				ENABLE_PREVIEWS = YES;
				GENERATE_INFOPLIST_FILE = YES;
				INFOPLIST_FILE = "Cinephile-Info.plist";
				INFOPLIST_KEY_LSApplicationCategoryType = "";
				INFOPLIST_KEY_UIApplicationSceneManifest_Generation = YES;
				INFOPLIST_KEY_UIApplicationSupportsIndirectInputEvents = YES;
				INFOPLIST_KEY_UILaunchScreen_Generation = YES;
				INFOPLIST_KEY_UISupportedInterfaceOrientations_iPad = "UIInterfaceOrientationPortrait UIInterfaceOrientationPortraitUpsideDown UIInterfaceOrientationLandscapeLeft UIInterfaceOrientationLandscapeRight";
				INFOPLIST_KEY_UISupportedInterfaceOrientations_iPhone = "UIInterfaceOrientationPortrait UIInterfaceOrientationLandscapeLeft UIInterfaceOrientationLandscapeRight";
				IPHONEOS_DEPLOYMENT_TARGET = 16.0;
				LD_RUNPATH_SEARCH_PATHS = (
					"$(inherited)",
					"@executable_path/Frameworks",
				);
				MARKETING_VERSION = 1.0;
				PRODUCT_BUNDLE_IDENTIFIER = com.kkst.Cinephile;
				PRODUCT_NAME = "$(TARGET_NAME)";
				SWIFT_EMIT_LOC_STRINGS = YES;
				SWIFT_VERSION = 5.0;
				TARGETED_DEVICE_FAMILY = "1,2";
			};
			name = Release;
		};
/* End XCBuildConfiguration section */

/* Begin XCConfigurationList section */
		707960272AEBA0A700AB748D /* Build configuration list for PBXProject "Cinephile" */ = {
			isa = XCConfigurationList;
			buildConfigurations = (
				707960382AEBA0A900AB748D /* Debug */,
				707960392AEBA0A900AB748D /* Release */,
			);
			defaultConfigurationIsVisible = 0;
			defaultConfigurationName = Release;
		};
		7079603A2AEBA0A900AB748D /* Build configuration list for PBXNativeTarget "Cinephile" */ = {
			isa = XCConfigurationList;
			buildConfigurations = (
				7079603B2AEBA0A900AB748D /* Debug */,
				7079603C2AEBA0A900AB748D /* Release */,
			);
			defaultConfigurationIsVisible = 0;
			defaultConfigurationName = Release;
		};
/* End XCConfigurationList section */

/* Begin XCRemoteSwiftPackageReference section */
		70525BB32AF7ED0E006E7CD6 /* XCRemoteSwiftPackageReference "TMDb" */ = {
			isa = XCRemoteSwiftPackageReference;
			repositoryURL = "https://github.com/adamayoung/TMDb.git";
			requirement = {
				kind = upToNextMajorVersion;
				minimumVersion = 10.0.0;
			};
		};
		70525BB62AF7ED26006E7CD6 /* XCRemoteSwiftPackageReference "SDWebImageSwiftUI" */ = {
			isa = XCRemoteSwiftPackageReference;
			repositoryURL = "https://github.com/SDWebImage/SDWebImageSwiftUI.git";
			requirement = {
				kind = upToNextMajorVersion;
				minimumVersion = 2.2.4;
			};
		};
/* End XCRemoteSwiftPackageReference section */

/* Begin XCSwiftPackageProductDependency section */
		70525BB42AF7ED0E006E7CD6 /* TMDb */ = {
			isa = XCSwiftPackageProductDependency;
			package = 70525BB32AF7ED0E006E7CD6 /* XCRemoteSwiftPackageReference "TMDb" */;
			productName = TMDb;
		};
		70525BB72AF7ED26006E7CD6 /* SDWebImageSwiftUI */ = {
			isa = XCSwiftPackageProductDependency;
			package = 70525BB62AF7ED26006E7CD6 /* XCRemoteSwiftPackageReference "SDWebImageSwiftUI" */;
			productName = SDWebImageSwiftUI;
		};
/* End XCSwiftPackageProductDependency section */
	};
	rootObject = 707960242AEBA0A700AB748D /* Project object */;
}
